
Microsoft Visual Studio Solution File, Format Version 12.00
# Visual Studio Version 16
VisualStudioVersion = 16.0.30406.217
MinimumVisualStudioVersion = 10.0.40219.1
Project("{FAE04EC0-301F-11D3-BF4B-00C04F79EFBC}") = "SampleApp", "SampleApp\SampleApp.csproj", "{F68B5BCA-8751-47DB-AC56-8F5E4AC98B53}"
EndProject
Project("{2150E333-8FDC-42A3-9474-1A3956D46DE8}") = "DevExtreme NuGet.config", "DevExtreme NuGet.config", "{8F277517-8649-4273-99F6-14E8A64399DB}"
	ProjectSection(SolutionItems) = preProject
		NuGet.config = NuGet.config
	EndProjectSection
EndProject
Global
	GlobalSection(SolutionConfigurationPlatforms) = preSolution
		Debug|Any CPU = Debug|Any CPU
		Release|Any CPU = Release|Any CPU
	EndGlobalSection
	GlobalSection(ProjectConfigurationPlatforms) = postSolution
		{F68B5BCA-8751-47DB-AC56-8F5E4AC98B53}.Debug|Any CPU.ActiveCfg = Debug|Any CPU
		{F68B5BCA-8751-47DB-AC56-8F5E4AC98B53}.Debug|Any CPU.Build.0 = Debug|Any CPU
		{F68B5BCA-8751-47DB-AC56-8F5E4AC98B53}.Release|Any CPU.ActiveCfg = Release|Any CPU
		{F68B5BCA-8751-47DB-AC56-8F5E4AC98B53}.Release|Any CPU.Build.0 = Release|Any CPU
	EndGlobalSection
	GlobalSection(SolutionProperties) = preSolution
		HideSolutionNode = FALSE
	EndGlobalSection
	GlobalSection(ExtensibilityGlobals) = postSolution
		SolutionGuid = {775A37A1-895F-45A5-B63D-3EDB6592DE0E}
	EndGlobalSection
EndGlobal
